
Microsoft Visual Studio Solution File, Format Version 12.00
# Visual Studio Version 17
VisualStudioVersion = 17.1.31903.286
MinimumVisualStudioVersion = 10.0.40219.1
Project("{9A19103F-16F7-4668-BE54-9A1E7A4F7556}") = "WarpLibCrossPlatform", "WarpLibCrossPlatform\WarpLibCrossPlatform.csproj", "{646F6D70-FA3A-4B3B-8D19-42A2E63F81BB}"
EndProject
Project("{9A19103F-16F7-4668-BE54-9A1E7A4F7556}") = "WarpWorkerCrossPlatform", "WarpWorkerCrossPlatform\WarpWorkerCrossPlatform.csproj", "{AA194D36-A569-424D-AF98-8B1AFC4C5187}"
EndProject
Project("{9A19103F-16F7-4668-BE54-9A1E7A4F7556}") = "Warp-Net", "Warp-Net\Warp-Net.csproj", "{7EB63D0B-7633-4D4E-8152-C2F1F6124BCB}"
EndProject
Project("{9A19103F-16F7-4668-BE54-9A1E7A4F7556}") = "WarpControls-Net", "WarpControls-Net\WarpControls-Net.csproj", "{6396040A-A7B0-4AAA-95B7-060DD4988565}"
EndProject
Project("{9A19103F-16F7-4668-BE54-9A1E7A4F7556}") = "M-Net", "M-Net\M-Net.csproj", "{65313E54-FF54-4805-AF90-34A206A8F791}"
EndProject
Global
	GlobalSection(SolutionConfigurationPlatforms) = preSolution
		Debug|Any CPU = Debug|Any CPU
		Debug|Mixed Platforms = Debug|Mixed Platforms
		Debug|Win32 = Debug|Win32
		Debug|x64 = Debug|x64
		Debug-CUDA10|Any CPU = Debug-CUDA10|Any CPU
		Debug-CUDA10|Mixed Platforms = Debug-CUDA10|Mixed Platforms
		Debug-CUDA10|Win32 = Debug-CUDA10|Win32
		Debug-CUDA10|x64 = Debug-CUDA10|x64
		Release|Any CPU = Release|Any CPU
		Release|Mixed Platforms = Release|Mixed Platforms
		Release|Win32 = Release|Win32
		Release|x64 = Release|x64
	EndGlobalSection
	GlobalSection(ProjectConfigurationPlatforms) = postSolution
		{646F6D70-FA3A-4B3B-8D19-42A2E63F81BB}.Debug|Any CPU.ActiveCfg = Debug|Any CPU
		{646F6D70-FA3A-4B3B-8D19-42A2E63F81BB}.Debug|Any CPU.Build.0 = Debug|Any CPU
		{646F6D70-FA3A-4B3B-8D19-42A2E63F81BB}.Debug|Mixed Platforms.ActiveCfg = Debug|Any CPU
		{646F6D70-FA3A-4B3B-8D19-42A2E63F81BB}.Debug|Mixed Platforms.Build.0 = Debug|Any CPU
		{646F6D70-FA3A-4B3B-8D19-42A2E63F81BB}.Debug|Win32.ActiveCfg = Debug|Any CPU
		{646F6D70-FA3A-4B3B-8D19-42A2E63F81BB}.Debug|Win32.Build.0 = Debug|Any CPU
		{646F6D70-FA3A-4B3B-8D19-42A2E63F81BB}.Debug|x64.ActiveCfg = Debug|Any CPU
		{646F6D70-FA3A-4B3B-8D19-42A2E63F81BB}.Debug|x64.Build.0 = Debug|Any CPU
		{646F6D70-FA3A-4B3B-8D19-42A2E63F81BB}.Debug-CUDA10|Any CPU.ActiveCfg = Debug|Any CPU
		{646F6D70-FA3A-4B3B-8D19-42A2E63F81BB}.Debug-CUDA10|Any CPU.Build.0 = Debug|Any CPU
		{646F6D70-FA3A-4B3B-8D19-42A2E63F81BB}.Debug-CUDA10|Mixed Platforms.ActiveCfg = Debug|Any CPU
		{646F6D70-FA3A-4B3B-8D19-42A2E63F81BB}.Debug-CUDA10|Mixed Platforms.Build.0 = Debug|Any CPU
		{646F6D70-FA3A-4B3B-8D19-42A2E63F81BB}.Debug-CUDA10|Win32.ActiveCfg = Debug|Any CPU
		{646F6D70-FA3A-4B3B-8D19-42A2E63F81BB}.Debug-CUDA10|Win32.Build.0 = Debug|Any CPU
		{646F6D70-FA3A-4B3B-8D19-42A2E63F81BB}.Debug-CUDA10|x64.ActiveCfg = Debug|Any CPU
		{646F6D70-FA3A-4B3B-8D19-42A2E63F81BB}.Debug-CUDA10|x64.Build.0 = Debug|Any CPU
		{646F6D70-FA3A-4B3B-8D19-42A2E63F81BB}.Release|Any CPU.ActiveCfg = Release|Any CPU
		{646F6D70-FA3A-4B3B-8D19-42A2E63F81BB}.Release|Any CPU.Build.0 = Release|Any CPU
		{646F6D70-FA3A-4B3B-8D19-42A2E63F81BB}.Release|Mixed Platforms.ActiveCfg = Release|Any CPU
		{646F6D70-FA3A-4B3B-8D19-42A2E63F81BB}.Release|Mixed Platforms.Build.0 = Release|Any CPU
		{646F6D70-FA3A-4B3B-8D19-42A2E63F81BB}.Release|Win32.ActiveCfg = Release|Any CPU
		{646F6D70-FA3A-4B3B-8D19-42A2E63F81BB}.Release|Win32.Build.0 = Release|Any CPU
		{646F6D70-FA3A-4B3B-8D19-42A2E63F81BB}.Release|x64.ActiveCfg = Release|Any CPU
		{646F6D70-FA3A-4B3B-8D19-42A2E63F81BB}.Release|x64.Build.0 = Release|Any CPU
		{AA194D36-A569-424D-AF98-8B1AFC4C5187}.Debug|Any CPU.ActiveCfg = Debug|Any CPU
		{AA194D36-A569-424D-AF98-8B1AFC4C5187}.Debug|Any CPU.Build.0 = Debug|Any CPU
		{AA194D36-A569-424D-AF98-8B1AFC4C5187}.Debug|Mixed Platforms.ActiveCfg = Debug|Any CPU
		{AA194D36-A569-424D-AF98-8B1AFC4C5187}.Debug|Mixed Platforms.Build.0 = Debug|Any CPU
		{AA194D36-A569-424D-AF98-8B1AFC4C5187}.Debug|Win32.ActiveCfg = Debug|Any CPU
		{AA194D36-A569-424D-AF98-8B1AFC4C5187}.Debug|Win32.Build.0 = Debug|Any CPU
		{AA194D36-A569-424D-AF98-8B1AFC4C5187}.Debug|x64.ActiveCfg = Debug|Any CPU
		{AA194D36-A569-424D-AF98-8B1AFC4C5187}.Debug|x64.Build.0 = Debug|Any CPU
		{AA194D36-A569-424D-AF98-8B1AFC4C5187}.Debug-CUDA10|Any CPU.ActiveCfg = Debug|Any CPU
		{AA194D36-A569-424D-AF98-8B1AFC4C5187}.Debug-CUDA10|Any CPU.Build.0 = Debug|Any CPU
		{AA194D36-A569-424D-AF98-8B1AFC4C5187}.Debug-CUDA10|Mixed Platforms.ActiveCfg = Debug|Any CPU
		{AA194D36-A569-424D-AF98-8B1AFC4C5187}.Debug-CUDA10|Mixed Platforms.Build.0 = Debug|Any CPU
		{AA194D36-A569-424D-AF98-8B1AFC4C5187}.Debug-CUDA10|Win32.ActiveCfg = Debug|Any CPU
		{AA194D36-A569-424D-AF98-8B1AFC4C5187}.Debug-CUDA10|Win32.Build.0 = Debug|Any CPU
		{AA194D36-A569-424D-AF98-8B1AFC4C5187}.Debug-CUDA10|x64.ActiveCfg = Debug|Any CPU
		{AA194D36-A569-424D-AF98-8B1AFC4C5187}.Debug-CUDA10|x64.Build.0 = Debug|Any CPU
		{AA194D36-A569-424D-AF98-8B1AFC4C5187}.Release|Any CPU.ActiveCfg = Release|Any CPU
		{AA194D36-A569-424D-AF98-8B1AFC4C5187}.Release|Any CPU.Build.0 = Release|Any CPU
		{AA194D36-A569-424D-AF98-8B1AFC4C5187}.Release|Mixed Platforms.ActiveCfg = Release|Any CPU
		{AA194D36-A569-424D-AF98-8B1AFC4C5187}.Release|Mixed Platforms.Build.0 = Release|Any CPU
		{AA194D36-A569-424D-AF98-8B1AFC4C5187}.Release|Win32.ActiveCfg = Release|Any CPU
		{AA194D36-A569-424D-AF98-8B1AFC4C5187}.Release|Win32.Build.0 = Release|Any CPU
		{AA194D36-A569-424D-AF98-8B1AFC4C5187}.Release|x64.ActiveCfg = Release|Any CPU
		{AA194D36-A569-424D-AF98-8B1AFC4C5187}.Release|x64.Build.0 = Release|Any CPU
		{7EB63D0B-7633-4D4E-8152-C2F1F6124BCB}.Debug|Any CPU.ActiveCfg = Debug|Any CPU
		{7EB63D0B-7633-4D4E-8152-C2F1F6124BCB}.Debug|Any CPU.Build.0 = Debug|Any CPU
		{7EB63D0B-7633-4D4E-8152-C2F1F6124BCB}.Debug|Mixed Platforms.ActiveCfg = Debug|Any CPU
		{7EB63D0B-7633-4D4E-8152-C2F1F6124BCB}.Debug|Mixed Platforms.Build.0 = Debug|Any CPU
		{7EB63D0B-7633-4D4E-8152-C2F1F6124BCB}.Debug|Win32.ActiveCfg = Debug|Any CPU
		{7EB63D0B-7633-4D4E-8152-C2F1F6124BCB}.Debug|Win32.Build.0 = Debug|Any CPU
		{7EB63D0B-7633-4D4E-8152-C2F1F6124BCB}.Debug|x64.ActiveCfg = Debug|Any CPU
		{7EB63D0B-7633-4D4E-8152-C2F1F6124BCB}.Debug|x64.Build.0 = Debug|Any CPU
		{7EB63D0B-7633-4D4E-8152-C2F1F6124BCB}.Debug-CUDA10|Any CPU.ActiveCfg = Debug|Any CPU
		{7EB63D0B-7633-4D4E-8152-C2F1F6124BCB}.Debug-CUDA10|Any CPU.Build.0 = Debug|Any CPU
		{7EB63D0B-7633-4D4E-8152-C2F1F6124BCB}.Debug-CUDA10|Mixed Platforms.ActiveCfg = Debug|Any CPU
		{7EB63D0B-7633-4D4E-8152-C2F1F6124BCB}.Debug-CUDA10|Mixed Platforms.Build.0 = Debug|Any CPU
		{7EB63D0B-7633-4D4E-8152-C2F1F6124BCB}.Debug-CUDA10|Win32.ActiveCfg = Debug|Any CPU
		{7EB63D0B-7633-4D4E-8152-C2F1F6124BCB}.Debug-CUDA10|Win32.Build.0 = Debug|Any CPU
		{7EB63D0B-7633-4D4E-8152-C2F1F6124BCB}.Debug-CUDA10|x64.ActiveCfg = Debug|Any CPU
		{7EB63D0B-7633-4D4E-8152-C2F1F6124BCB}.Debug-CUDA10|x64.Build.0 = Debug|Any CPU
		{7EB63D0B-7633-4D4E-8152-C2F1F6124BCB}.Release|Any CPU.ActiveCfg = Release|Any CPU
		{7EB63D0B-7633-4D4E-8152-C2F1F6124BCB}.Release|Any CPU.Build.0 = Release|Any CPU
		{7EB63D0B-7633-4D4E-8152-C2F1F6124BCB}.Release|Mixed Platforms.ActiveCfg = Release|Any CPU
		{7EB63D0B-7633-4D4E-8152-C2F1F6124BCB}.Release|Mixed Platforms.Build.0 = Release|Any CPU
		{7EB63D0B-7633-4D4E-8152-C2F1F6124BCB}.Release|Win32.ActiveCfg = Release|Any CPU
		{7EB63D0B-7633-4D4E-8152-C2F1F6124BCB}.Release|Win32.Build.0 = Release|Any CPU
		{7EB63D0B-7633-4D4E-8152-C2F1F6124BCB}.Release|x64.ActiveCfg = Release|Any CPU
		{7EB63D0B-7633-4D4E-8152-C2F1F6124BCB}.Release|x64.Build.0 = Release|Any CPU
		{6396040A-A7B0-4AAA-95B7-060DD4988565}.Debug|Any CPU.ActiveCfg = Debug|Any CPU
		{6396040A-A7B0-4AAA-95B7-060DD4988565}.Debug|Any CPU.Build.0 = Debug|Any CPU
		{6396040A-A7B0-4AAA-95B7-060DD4988565}.Debug|Mixed Platforms.ActiveCfg = Debug|Any CPU
		{6396040A-A7B0-4AAA-95B7-060DD4988565}.Debug|Mixed Platforms.Build.0 = Debug|Any CPU
		{6396040A-A7B0-4AAA-95B7-060DD4988565}.Debug|Win32.ActiveCfg = Debug|Any CPU
		{6396040A-A7B0-4AAA-95B7-060DD4988565}.Debug|Win32.Build.0 = Debug|Any CPU
		{6396040A-A7B0-4AAA-95B7-060DD4988565}.Debug|x64.ActiveCfg = Debug|Any CPU
		{6396040A-A7B0-4AAA-95B7-060DD4988565}.Debug|x64.Build.0 = Debug|Any CPU
		{6396040A-A7B0-4AAA-95B7-060DD4988565}.Debug-CUDA10|Any CPU.ActiveCfg = Debug|Any CPU
		{6396040A-A7B0-4AAA-95B7-060DD4988565}.Debug-CUDA10|Any CPU.Build.0 = Debug|Any CPU
		{6396040A-A7B0-4AAA-95B7-060DD4988565}.Debug-CUDA10|Mixed Platforms.ActiveCfg = Debug|Any CPU
		{6396040A-A7B0-4AAA-95B7-060DD4988565}.Debug-CUDA10|Mixed Platforms.Build.0 = Debug|Any CPU
		{6396040A-A7B0-4AAA-95B7-060DD4988565}.Debug-CUDA10|Win32.ActiveCfg = Debug|Any CPU
		{6396040A-A7B0-4AAA-95B7-060DD4988565}.Debug-CUDA10|Win32.Build.0 = Debug|Any CPU
		{6396040A-A7B0-4AAA-95B7-060DD4988565}.Debug-CUDA10|x64.ActiveCfg = Debug|Any CPU
		{6396040A-A7B0-4AAA-95B7-060DD4988565}.Debug-CUDA10|x64.Build.0 = Debug|Any CPU
		{6396040A-A7B0-4AAA-95B7-060DD4988565}.Release|Any CPU.ActiveCfg = Release|Any CPU
		{6396040A-A7B0-4AAA-95B7-060DD4988565}.Release|Any CPU.Build.0 = Release|Any CPU
		{6396040A-A7B0-4AAA-95B7-060DD4988565}.Release|Mixed Platforms.ActiveCfg = Release|Any CPU
		{6396040A-A7B0-4AAA-95B7-060DD4988565}.Release|Mixed Platforms.Build.0 = Release|Any CPU
		{6396040A-A7B0-4AAA-95B7-060DD4988565}.Release|Win32.ActiveCfg = Release|Any CPU
		{6396040A-A7B0-4AAA-95B7-060DD4988565}.Release|Win32.Build.0 = Release|Any CPU
		{6396040A-A7B0-4AAA-95B7-060DD4988565}.Release|x64.ActiveCfg = Release|Any CPU
		{6396040A-A7B0-4AAA-95B7-060DD4988565}.Release|x64.Build.0 = Release|Any CPU
		{65313E54-FF54-4805-AF90-34A206A8F791}.Debug|Any CPU.ActiveCfg = Debug|Any CPU
		{65313E54-FF54-4805-AF90-34A206A8F791}.Debug|Any CPU.Build.0 = Debug|Any CPU
		{65313E54-FF54-4805-AF90-34A206A8F791}.Debug|Mixed Platforms.ActiveCfg = Debug|Any CPU
		{65313E54-FF54-4805-AF90-34A206A8F791}.Debug|Mixed Platforms.Build.0 = Debug|Any CPU
		{65313E54-FF54-4805-AF90-34A206A8F791}.Debug|Win32.ActiveCfg = Debug|Any CPU
		{65313E54-FF54-4805-AF90-34A206A8F791}.Debug|Win32.Build.0 = Debug|Any CPU
		{65313E54-FF54-4805-AF90-34A206A8F791}.Debug|x64.ActiveCfg = Debug|Any CPU
		{65313E54-FF54-4805-AF90-34A206A8F791}.Debug|x64.Build.0 = Debug|Any CPU
		{65313E54-FF54-4805-AF90-34A206A8F791}.Debug-CUDA10|Any CPU.ActiveCfg = Debug|Any CPU
		{65313E54-FF54-4805-AF90-34A206A8F791}.Debug-CUDA10|Any CPU.Build.0 = Debug|Any CPU
		{65313E54-FF54-4805-AF90-34A206A8F791}.Debug-CUDA10|Mixed Platforms.ActiveCfg = Debug|Any CPU
		{65313E54-FF54-4805-AF90-34A206A8F791}.Debug-CUDA10|Mixed Platforms.Build.0 = Debug|Any CPU
		{65313E54-FF54-4805-AF90-34A206A8F791}.Debug-CUDA10|Win32.ActiveCfg = Debug|Any CPU
		{65313E54-FF54-4805-AF90-34A206A8F791}.Debug-CUDA10|Win32.Build.0 = Debug|Any CPU
		{65313E54-FF54-4805-AF90-34A206A8F791}.Debug-CUDA10|x64.ActiveCfg = Debug|Any CPU
		{65313E54-FF54-4805-AF90-34A206A8F791}.Debug-CUDA10|x64.Build.0 = Debug|Any CPU
		{65313E54-FF54-4805-AF90-34A206A8F791}.Release|Any CPU.ActiveCfg = Release|Any CPU
		{65313E54-FF54-4805-AF90-34A206A8F791}.Release|Any CPU.Build.0 = Release|Any CPU
		{65313E54-FF54-4805-AF90-34A206A8F791}.Release|Mixed Platforms.ActiveCfg = Release|Any CPU
		{65313E54-FF54-4805-AF90-34A206A8F791}.Release|Mixed Platforms.Build.0 = Release|Any CPU
		{65313E54-FF54-4805-AF90-34A206A8F791}.Release|Win32.ActiveCfg = Release|Any CPU
		{65313E54-FF54-4805-AF90-34A206A8F791}.Release|Win32.Build.0 = Release|Any CPU
		{65313E54-FF54-4805-AF90-34A206A8F791}.Release|x64.ActiveCfg = Release|Any CPU
		{65313E54-FF54-4805-AF90-34A206A8F791}.Release|x64.Build.0 = Release|Any CPU
	EndGlobalSection
	GlobalSection(SolutionProperties) = preSolution
		HideSolutionNode = FALSE
	EndGlobalSection
	GlobalSection(ExtensibilityGlobals) = postSolution
		SolutionGuid = {422E982C-4DA8-47BF-B58C-9196541B5172}
	EndGlobalSection
EndGlobal
